// !$*UTF8*$!
{
	archiveVersion = 1;
	classes = {
	};
	objectVersion = 48;
	objects = {

/* Begin PBXBuildFile section */
		0A65B5492081C4E50027B15F /* AppDelegate.swift in Sources */ = {isa = PBXBuildFile; fileRef = 0A65B5482081C4E50027B15F /* AppDelegate.swift */; };
		0A65B54B2081C4E50027B15F /* ViewController.swift in Sources */ = {isa = PBXBuildFile; fileRef = 0A65B54A2081C4E50027B15F /* ViewController.swift */; };
		0A65B54E2081C4E50027B15F /* Main.storyboard in Resources */ = {isa = PBXBuildFile; fileRef = 0A65B54C2081C4E50027B15F /* Main.storyboard */; };
		0A65B5502081C4E50027B15F /* Assets.xcassets in Resources */ = {isa = PBXBuildFile; fileRef = 0A65B54F2081C4E50027B15F /* Assets.xcassets */; };
		0A65B5532081C4E50027B15F /* LaunchScreen.storyboard in Resources */ = {isa = PBXBuildFile; fileRef = 0A65B5512081C4E50027B15F /* LaunchScreen.storyboard */; };
		0A65B55B2081C6480027B15F /* SecondViewController.swift in Sources */ = {isa = PBXBuildFile; fileRef = 0A65B55A2081C6480027B15F /* SecondViewController.swift */; };
		0A65B55D2081D5750027B15F /* FriendsViewController.swift in Sources */ = {isa = PBXBuildFile; fileRef = 0A65B55C2081D5750027B15F /* FriendsViewController.swift */; };
		0A65B55F2081D5FF0027B15F /* FriendsTableViewCell.swift in Sources */ = {isa = PBXBuildFile; fileRef = 0A65B55E2081D5FF0027B15F /* FriendsTableViewCell.swift */; };
		0A65B5612081DBF40027B15F /* Profile.swift in Sources */ = {isa = PBXBuildFile; fileRef = 0A65B5602081DBF40027B15F /* Profile.swift */; };
		0A65B5632081E1820027B15F /* FriendsTableViewHeaderCell.swift in Sources */ = {isa = PBXBuildFile; fileRef = 0A65B5622081E1820027B15F /* FriendsTableViewHeaderCell.swift */; };
		0A65B5652081F0FE0027B15F /* ExtensionControl.swift in Sources */ = {isa = PBXBuildFile; fileRef = 0A65B5642081F0FE0027B15F /* ExtensionControl.swift */; };
		0A80F02E20847305003FB6C7 /* ModelManager.swift in Sources */ = {isa = PBXBuildFile; fileRef = 0A80F02D20847305003FB6C7 /* ModelManager.swift */; };
		0A80F03020847372003FB6C7 /* Chatting.swift in Sources */ = {isa = PBXBuildFile; fileRef = 0A80F02F20847372003FB6C7 /* Chatting.swift */; };
/* End PBXBuildFile section */

/* Begin PBXFileReference section */
		0A65B5452081C4E50027B15F /* Sopt22_seminar3.app */ = {isa = PBXFileReference; explicitFileType = wrapper.application; includeInIndex = 0; path = Sopt22_seminar3.app; sourceTree = BUILT_PRODUCTS_DIR; };
		0A65B5482081C4E50027B15F /* AppDelegate.swift */ = {isa = PBXFileReference; lastKnownFileType = sourcecode.swift; path = AppDelegate.swift; sourceTree = "<group>"; };
		0A65B54A2081C4E50027B15F /* ViewController.swift */ = {isa = PBXFileReference; lastKnownFileType = sourcecode.swift; path = ViewController.swift; sourceTree = "<group>"; };
		0A65B54D2081C4E50027B15F /* Base */ = {isa = PBXFileReference; lastKnownFileType = file.storyboard; name = Base; path = Base.lproj/Main.storyboard; sourceTree = "<group>"; };
		0A65B54F2081C4E50027B15F /* Assets.xcassets */ = {isa = PBXFileReference; lastKnownFileType = folder.assetcatalog; path = Assets.xcassets; sourceTree = "<group>"; };
		0A65B5522081C4E50027B15F /* Base */ = {isa = PBXFileReference; lastKnownFileType = file.storyboard; name = Base; path = Base.lproj/LaunchScreen.storyboard; sourceTree = "<group>"; };
		0A65B5542081C4E50027B15F /* Info.plist */ = {isa = PBXFileReference; lastKnownFileType = text.plist.xml; path = Info.plist; sourceTree = "<group>"; };
		0A65B55A2081C6480027B15F /* SecondViewController.swift */ = {isa = PBXFileReference; lastKnownFileType = sourcecode.swift; path = SecondViewController.swift; sourceTree = "<group>"; };
		0A65B55C2081D5750027B15F /* FriendsViewController.swift */ = {isa = PBXFileReference; lastKnownFileType = sourcecode.swift; path = FriendsViewController.swift; sourceTree = "<group>"; };
		0A65B55E2081D5FF0027B15F /* FriendsTableViewCell.swift */ = {isa = PBXFileReference; lastKnownFileType = sourcecode.swift; path = FriendsTableViewCell.swift; sourceTree = "<group>"; };
		0A65B5602081DBF40027B15F /* Profile.swift */ = {isa = PBXFileReference; lastKnownFileType = sourcecode.swift; path = Profile.swift; sourceTree = "<group>"; };
		0A65B5622081E1820027B15F /* FriendsTableViewHeaderCell.swift */ = {isa = PBXFileReference; lastKnownFileType = sourcecode.swift; path = FriendsTableViewHeaderCell.swift; sourceTree = "<group>"; };
		0A65B5642081F0FE0027B15F /* ExtensionControl.swift */ = {isa = PBXFileReference; lastKnownFileType = sourcecode.swift; path = ExtensionControl.swift; sourceTree = "<group>"; };
		0A80F02D20847305003FB6C7 /* ModelManager.swift */ = {isa = PBXFileReference; lastKnownFileType = sourcecode.swift; path = ModelManager.swift; sourceTree = "<group>"; };
		0A80F02F20847372003FB6C7 /* Chatting.swift */ = {isa = PBXFileReference; lastKnownFileType = sourcecode.swift; path = Chatting.swift; sourceTree = "<group>"; };
/* End PBXFileReference section */

/* Begin PBXFrameworksBuildPhase section */
		0A65B5422081C4E50027B15F /* Frameworks */ = {
			isa = PBXFrameworksBuildPhase;
			buildActionMask = 2147483647;
			files = (
			);
			runOnlyForDeploymentPostprocessing = 0;
		};
/* End PBXFrameworksBuildPhase section */

/* Begin PBXGroup section */
		0A65B53C2081C4E50027B15F = {
			isa = PBXGroup;
			children = (
				0A65B5472081C4E50027B15F /* Sopt22_seminar3 */,
				0A65B5462081C4E50027B15F /* Products */,
			);
			sourceTree = "<group>";
		};
		0A65B5462081C4E50027B15F /* Products */ = {
			isa = PBXGroup;
			children = (
				0A65B5452081C4E50027B15F /* Sopt22_seminar3.app */,
			);
			name = Products;
			sourceTree = "<group>";
		};
		0A65B5472081C4E50027B15F /* Sopt22_seminar3 */ = {
			isa = PBXGroup;
			children = (
				0A65B5482081C4E50027B15F /* AppDelegate.swift */,
				0A80F029208471CB003FB6C7 /* ViewController */,
				0A80F02C20847216003FB6C7 /* Model */,
				0A80F028208471BE003FB6C7 /* Function */,
				0A65B54C2081C4E50027B15F /* Main.storyboard */,
				0A65B54F2081C4E50027B15F /* Assets.xcassets */,
				0A65B5512081C4E50027B15F /* LaunchScreen.storyboard */,
				0A65B5542081C4E50027B15F /* Info.plist */,
			);
			path = Sopt22_seminar3;
			sourceTree = "<group>";
		};
		0A80F028208471BE003FB6C7 /* Function */ = {
			isa = PBXGroup;
			children = (
				0A65B5642081F0FE0027B15F /* ExtensionControl.swift */,
			);
			path = Function;
			sourceTree = "<group>";
		};
		0A80F029208471CB003FB6C7 /* ViewController */ = {
			isa = PBXGroup;
			children = (
				0A80F02A208471D3003FB6C7 /* Push Present */,
				0A80F02B208471F1003FB6C7 /* Assignment */,
			);
			path = ViewController;
			sourceTree = "<group>";
		};
		0A80F02A208471D3003FB6C7 /* Push Present */ = {
			isa = PBXGroup;
			children = (
				0A65B54A2081C4E50027B15F /* ViewController.swift */,
				0A65B55A2081C6480027B15F /* SecondViewController.swift */,
			);
			path = "Push Present";
			sourceTree = "<group>";
		};
		0A80F02B208471F1003FB6C7 /* Assignment */ = {
			isa = PBXGroup;
			children = (
				0A65B55C2081D5750027B15F /* FriendsViewController.swift */,
				0A65B5622081E1820027B15F /* FriendsTableViewHeaderCell.swift */,
				0A65B55E2081D5FF0027B15F /* FriendsTableViewCell.swift */,
			);
			path = Assignment;
			sourceTree = "<group>";
		};
		0A80F02C20847216003FB6C7 /* Model */ = {
			isa = PBXGroup;
			children = (
				0A65B5602081DBF40027B15F /* Profile.swift */,
				0A80F02D20847305003FB6C7 /* ModelManager.swift */,
				0A80F02F20847372003FB6C7 /* Chatting.swift */,
			);
			path = Model;
			sourceTree = "<group>";
		};
/* End PBXGroup section */

/* Begin PBXNativeTarget section */
		0A65B5442081C4E50027B15F /* Sopt22_seminar3 */ = {
			isa = PBXNativeTarget;
			buildConfigurationList = 0A65B5572081C4E50027B15F /* Build configuration list for PBXNativeTarget "Sopt22_seminar3" */;
			buildPhases = (
				0A65B5412081C4E50027B15F /* Sources */,
				0A65B5422081C4E50027B15F /* Frameworks */,
				0A65B5432081C4E50027B15F /* Resources */,
			);
			buildRules = (
			);
			dependencies = (
			);
			name = Sopt22_seminar3;
			productName = Sopt22_seminar3;
			productReference = 0A65B5452081C4E50027B15F /* Sopt22_seminar3.app */;
			productType = "com.apple.product-type.application";
		};
/* End PBXNativeTarget section */

/* Begin PBXProject section */
		0A65B53D2081C4E50027B15F /* Project object */ = {
			isa = PBXProject;
			attributes = {
				LastSwiftUpdateCheck = 0920;
				LastUpgradeCheck = 0920;
				ORGANIZATIONNAME = hyejin;
				TargetAttributes = {
					0A65B5442081C4E50027B15F = {
						CreatedOnToolsVersion = 9.2;
						ProvisioningStyle = Automatic;
					};
				};
			};
			buildConfigurationList = 0A65B5402081C4E50027B15F /* Build configuration list for PBXProject "Sopt22_seminar3" */;
			compatibilityVersion = "Xcode 8.0";
			developmentRegion = en;
			hasScannedForEncodings = 0;
			knownRegions = (
				en,
				Base,
			);
			mainGroup = 0A65B53C2081C4E50027B15F;
			productRefGroup = 0A65B5462081C4E50027B15F /* Products */;
			projectDirPath = "";
			projectRoot = "";
			targets = (
				0A65B5442081C4E50027B15F /* Sopt22_seminar3 */,
			);
		};
/* End PBXProject section */

/* Begin PBXResourcesBuildPhase section */
		0A65B5432081C4E50027B15F /* Resources */ = {
			isa = PBXResourcesBuildPhase;
			buildActionMask = 2147483647;
			files = (
				0A65B5532081C4E50027B15F /* LaunchScreen.storyboard in Resources */,
				0A65B5502081C4E50027B15F /* Assets.xcassets in Resources */,
				0A65B54E2081C4E50027B15F /* Main.storyboard in Resources */,
			);
			runOnlyForDeploymentPostprocessing = 0;
		};
/* End PBXResourcesBuildPhase section */

/* Begin PBXSourcesBuildPhase section */
		0A65B5412081C4E50027B15F /* Sources */ = {
			isa = PBXSourcesBuildPhase;
			buildActionMask = 2147483647;
			files = (
				0A65B55D2081D5750027B15F /* FriendsViewController.swift in Sources */,
				0A80F03020847372003FB6C7 /* Chatting.swift in Sources */,
				0A65B5612081DBF40027B15F /* Profile.swift in Sources */,
				0A65B55B2081C6480027B15F /* SecondViewController.swift in Sources */,
				0A65B54B2081C4E50027B15F /* ViewController.swift in Sources */,
				0A65B55F2081D5FF0027B15F /* FriendsTableViewCell.swift in Sources */,
				0A80F02E20847305003FB6C7 /* ModelManager.swift in Sources */,
				0A65B5632081E1820027B15F /* FriendsTableViewHeaderCell.swift in Sources */,
				0A65B5492081C4E50027B15F /* AppDelegate.swift in Sources */,
				0A65B5652081F0FE0027B15F /* ExtensionControl.swift in Sources */,
			);
			runOnlyForDeploymentPostprocessing = 0;
		};
/* End PBXSourcesBuildPhase section */

/* Begin PBXVariantGroup section */
		0A65B54C2081C4E50027B15F /* Main.storyboard */ = {
			isa = PBXVariantGroup;
			children = (
				0A65B54D2081C4E50027B15F /* Base */,
			);
			name = Main.storyboard;
			sourceTree = "<group>";
		};
		0A65B5512081C4E50027B15F /* LaunchScreen.storyboard */ = {
			isa = PBXVariantGroup;
			children = (
				0A65B5522081C4E50027B15F /* Base */,
			);
			name = LaunchScreen.storyboard;
			sourceTree = "<group>";
		};
/* End PBXVariantGroup section */

/* Begin XCBuildConfiguration section */
		0A65B5552081C4E50027B15F /* Debug */ = {
			isa = XCBuildConfiguration;
			buildSettings = {
				ALWAYS_SEARCH_USER_PATHS = NO;
				CLANG_ANALYZER_NONNULL = YES;
				CLANG_ANALYZER_NUMBER_OBJECT_CONVERSION = YES_AGGRESSIVE;
				CLANG_CXX_LANGUAGE_STANDARD = "gnu++14";
				CLANG_CXX_LIBRARY = "libc++";
				CLANG_ENABLE_MODULES = YES;
				CLANG_ENABLE_OBJC_ARC = YES;
				CLANG_WARN_BLOCK_CAPTURE_AUTORELEASING = YES;
				CLANG_WARN_BOOL_CONVERSION = YES;
				CLANG_WARN_COMMA = YES;
				CLANG_WARN_CONSTANT_CONVERSION = YES;
				CLANG_WARN_DIRECT_OBJC_ISA_USAGE = YES_ERROR;
				CLANG_WARN_DOCUMENTATION_COMMENTS = YES;
				CLANG_WARN_EMPTY_BODY = YES;
				CLANG_WARN_ENUM_CONVERSION = YES;
				CLANG_WARN_INFINITE_RECURSION = YES;
				CLANG_WARN_INT_CONVERSION = YES;
				CLANG_WARN_NON_LITERAL_NULL_CONVERSION = YES;
				CLANG_WARN_OBJC_LITERAL_CONVERSION = YES;
				CLANG_WARN_OBJC_ROOT_CLASS = YES_ERROR;
				CLANG_WARN_RANGE_LOOP_ANALYSIS = YES;
				CLANG_WARN_STRICT_PROTOTYPES = YES;
				CLANG_WARN_SUSPICIOUS_MOVE = YES;
				CLANG_WARN_UNGUARDED_AVAILABILITY = YES_AGGRESSIVE;
				CLANG_WARN_UNREACHABLE_CODE = YES;
				CLANG_WARN__DUPLICATE_METHOD_MATCH = YES;
				CODE_SIGN_IDENTITY = "iPhone Developer";
				COPY_PHASE_STRIP = NO;
				DEBUG_INFORMATION_FORMAT = dwarf;
				ENABLE_STRICT_OBJC_MSGSEND = YES;
				ENABLE_TESTABILITY = YES;
				GCC_C_LANGUAGE_STANDARD = gnu11;
				GCC_DYNAMIC_NO_PIC = NO;
				GCC_NO_COMMON_BLOCKS = YES;
				GCC_OPTIMIZATION_LEVEL = 0;
				GCC_PREPROCESSOR_DEFINITIONS = (
					"DEBUG=1",
					"$(inherited)",
				);
				GCC_WARN_64_TO_32_BIT_CONVERSION = YES;
				GCC_WARN_ABOUT_RETURN_TYPE = YES_ERROR;
				GCC_WARN_UNDECLARED_SELECTOR = YES;
				GCC_WARN_UNINITIALIZED_AUTOS = YES_AGGRESSIVE;
				GCC_WARN_UNUSED_FUNCTION = YES;
				GCC_WARN_UNUSED_VARIABLE = YES;
				IPHONEOS_DEPLOYMENT_TARGET = 11.2;
				MTL_ENABLE_DEBUG_INFO = YES;
				ONLY_ACTIVE_ARCH = YES;
				SDKROOT = iphoneos;
				SWIFT_ACTIVE_COMPILATION_CONDITIONS = DEBUG;
				SWIFT_OPTIMIZATION_LEVEL = "-Onone";
			};
			name = Debug;
		};
		0A65B5562081C4E50027B15F /* Release */ = {
			isa = XCBuildConfiguration;
			buildSettings = {
				ALWAYS_SEARCH_USER_PATHS = NO;
				CLANG_ANALYZER_NONNULL = YES;
				CLANG_ANALYZER_NUMBER_OBJECT_CONVERSION = YES_AGGRESSIVE;
				CLANG_CXX_LANGUAGE_STANDARD = "gnu++14";
				CLANG_CXX_LIBRARY = "libc++";
				CLANG_ENABLE_MODULES = YES;
				CLANG_ENABLE_OBJC_ARC = YES;
				CLANG_WARN_BLOCK_CAPTURE_AUTORELEASING = YES;
				CLANG_WARN_BOOL_CONVERSION = YES;
				CLANG_WARN_COMMA = YES;
				CLANG_WARN_CONSTANT_CONVERSION = YES;
				CLANG_WARN_DIRECT_OBJC_ISA_USAGE = YES_ERROR;
				CLANG_WARN_DOCUMENTATION_COMMENTS = YES;
				CLANG_WARN_EMPTY_BODY = YES;
				CLANG_WARN_ENUM_CONVERSION = YES;
				CLANG_WARN_INFINITE_RECURSION = YES;
				CLANG_WARN_INT_CONVERSION = YES;
				CLANG_WARN_NON_LITERAL_NULL_CONVERSION = YES;
				CLANG_WARN_OBJC_LITERAL_CONVERSION = YES;
				CLANG_WARN_OBJC_ROOT_CLASS = YES_ERROR;
				CLANG_WARN_RANGE_LOOP_ANALYSIS = YES;
				CLANG_WARN_STRICT_PROTOTYPES = YES;
				CLANG_WARN_SUSPICIOUS_MOVE = YES;
				CLANG_WARN_UNGUARDED_AVAILABILITY = YES_AGGRESSIVE;
				CLANG_WARN_UNREACHABLE_CODE = YES;
				CLANG_WARN__DUPLICATE_METHOD_MATCH = YES;
				CODE_SIGN_IDENTITY = "iPhone Developer";
				COPY_PHASE_STRIP = NO;
				DEBUG_INFORMATION_FORMAT = "dwarf-with-dsym";
				ENABLE_NS_ASSERTIONS = NO;
				ENABLE_STRICT_OBJC_MSGSEND = YES;
				GCC_C_LANGUAGE_STANDARD = gnu11;
				GCC_NO_COMMON_BLOCKS = YES;
				GCC_WARN_64_TO_32_BIT_CONVERSION = YES;
				GCC_WARN_ABOUT_RETURN_TYPE = YES_ERROR;
				GCC_WARN_UNDECLARED_SELECTOR = YES;
				GCC_WARN_UNINITIALIZED_AUTOS = YES_AGGRESSIVE;
				GCC_WARN_UNUSED_FUNCTION = YES;
				GCC_WARN_UNUSED_VARIABLE = YES;
				IPHONEOS_DEPLOYMENT_TARGET = 11.2;
				MTL_ENABLE_DEBUG_INFO = NO;
				SDKROOT = iphoneos;
				SWIFT_OPTIMIZATION_LEVEL = "-Owholemodule";
				VALIDATE_PRODUCT = YES;
			};
			name = Release;
		};
		0A65B5582081C4E50027B15F /* Debug */ = {
			isa = XCBuildConfiguration;
			buildSettings = {
				ASSETCATALOG_COMPILER_APPICON_NAME = AppIcon;
				CODE_SIGN_STYLE = Automatic;
				INFOPLIST_FILE = Sopt22_seminar3/Info.plist;
				LD_RUNPATH_SEARCH_PATHS = "$(inherited) @executable_path/Frameworks";
				PRODUCT_BUNDLE_IDENTIFIER = "com.hyejin.Sopt22-seminar3";
				PRODUCT_NAME = "$(TARGET_NAME)";
				SWIFT_VERSION = 4.0;
				TARGETED_DEVICE_FAMILY = "1,2";
			};
			name = Debug;
		};
		0A65B5592081C4E50027B15F /* Release */ = {
			isa = XCBuildConfiguration;
			buildSettings = {
				ASSETCATALOG_COMPILER_APPICON_NAME = AppIcon;
				CODE_SIGN_STYLE = Automatic;
				INFOPLIST_FILE = Sopt22_seminar3/Info.plist;
				LD_RUNPATH_SEARCH_PATHS = "$(inherited) @executable_path/Frameworks";
				PRODUCT_BUNDLE_IDENTIFIER = "com.hyejin.Sopt22-seminar3";
				PRODUCT_NAME = "$(TARGET_NAME)";
				SWIFT_VERSION = 4.0;
				TARGETED_DEVICE_FAMILY = "1,2";
			};
			name = Release;
		};
/* End XCBuildConfiguration section */

/* Begin XCConfigurationList section */
		0A65B5402081C4E50027B15F /* Build configuration list for PBXProject "Sopt22_seminar3" */ = {
			isa = XCConfigurationList;
			buildConfigurations = (
				0A65B5552081C4E50027B15F /* Debug */,
				0A65B5562081C4E50027B15F /* Release */,
			);
			defaultConfigurationIsVisible = 0;
			defaultConfigurationName = Release;
		};
		0A65B5572081C4E50027B15F /* Build configuration list for PBXNativeTarget "Sopt22_seminar3" */ = {
			isa = XCConfigurationList;
			buildConfigurations = (
				0A65B5582081C4E50027B15F /* Debug */,
				0A65B5592081C4E50027B15F /* Release */,
			);
			defaultConfigurationIsVisible = 0;
			defaultConfigurationName = Release;
		};
/* End XCConfigurationList section */
	};
	rootObject = 0A65B53D2081C4E50027B15F /* Project object */;
}
